{
  "name": "test",
  "version": "1.0.0",
  "lockfileVersion": 1,
  "requires": true,
  "dependencies": {
    "async": {
      "version": "1.0.0",
      "resolved": "https://registry.npmjs.org/async/-/async-1.0.0.tgz",
      "integrity": "sha1-+PwEyjoTeErenhZBr5hXjPvWR6k="
    },
    "blessed": {
      "version": "0.1.81",
      "resolved": "https://registry.npmjs.org/blessed/-/blessed-0.1.81.tgz",
      "integrity": "sha1-+WLWh+wsNpVwrnGvhDJW5tDKESk="
    },
    "colors": {
      "version": "1.0.3",
      "resolved": "https://registry.npmjs.org/colors/-/colors-1.0.3.tgz",
      "integrity": "sha1-BDP0TYCWgP3rYO0mDxsMJi6CpAs="
    },
    "cycle": {
      "version": "1.0.3",
      "resolved": "https://registry.npmjs.org/cycle/-/cycle-1.0.3.tgz",
      "integrity": "sha1-IegLK+hYD5i0aPN5QwZisEbDStI="
    },
    "expand-tilde": {
      "version": "2.0.2",
      "resolved": "https://registry.npmjs.org/expand-tilde/-/expand-tilde-2.0.2.tgz",
      "integrity": "sha1-l+gBqgUt8CRU3kawK/YhZCzchQI=",
      "requires": {
        "homedir-polyfill": "1.0.1"
      }
    },
    "eyes": {
      "version": "0.1.8",
      "resolved": "https://registry.npmjs.org/eyes/-/eyes-0.1.8.tgz",
      "integrity": "sha1-Ys8SAjTGg3hdkCNIqADvPgzCC8A="
    },
    "homedir-polyfill": {
      "version": "1.0.1",
      "resolved": "https://registry.npmjs.org/homedir-polyfill/-/homedir-polyfill-1.0.1.tgz",
      "integrity": "sha1-TCu8inWJmP7r9e1oWA921GdotLw=",
      "requires": {
        "parse-passwd": "1.0.0"
      }
    },
    "isstream": {
      "version": "0.1.2",
      "resolved": "https://registry.npmjs.org/isstream/-/isstream-0.1.2.tgz",
      "integrity": "sha1-R+Y/evVa+m+S4VAOaQ64uFKcCZo="
    },
    "minimist": {
      "version": "1.2.0",
      "resolved": "https://registry.npmjs.org/minimist/-/minimist-1.2.0.tgz",
      "integrity": "sha1-o1AIsg9BOD7sH7kU9M1d95omQoQ="
    },
    "parse-passwd": {
      "version": "1.0.0",
      "resolved": "https://registry.npmjs.org/parse-passwd/-/parse-passwd-1.0.0.tgz",
      "integrity": "sha1-bVuTSkVpk7I9N/QKOC1vFmao5cY="
    },
    "require-all": {
      "version": "2.2.0",
      "resolved": "https://registry.npmjs.org/require-all/-/require-all-2.2.0.tgz",
      "integrity": "sha1-tEIMIzrAKC0P9Jsnf7iAqLXeCJQ="
    },
    "stack-trace": {
      "version": "0.0.10",
      "resolved": "https://registry.npmjs.org/stack-trace/-/stack-trace-0.0.10.tgz",
      "integrity": "sha1-VHxws0fo0ytOEI6hoqFZ5f3eGcA="
    },
    "winston": {
      "version": "2.3.1",
      "resolved": "https://registry.npmjs.org/winston/-/winston-2.3.1.tgz",
      "integrity": "sha1-C0hCDZeMAYBM8CMLZIhhWYIloRk=",
      "requires": {
        "async": "1.0.0",
        "colors": "1.0.3",
        "cycle": "1.0.3",
        "eyes": "0.1.8",
        "isstream": "0.1.2",
        "stack-trace": "0.0.10"
      }
    }
  }
}
